
Microsoft Visual Studio Solution File, Format Version 12.00
# Visual Studio Version 17
Project("{8BC9CEB8-8B4A-11D0-8D11-00A0C91BC942}") = "ALL_BUILD", "ALL_BUILD.vcxproj", "{F5937800-D6CD-3B1A-900F-83D88D3A24EF}"
	ProjectSection(ProjectDependencies) = postProject
		{3F5F4D7B-5B2C-3595-B99C-DD8AF3EBB1C9} = {3F5F4D7B-5B2C-3595-B99C-DD8AF3EBB1C9}
		{7A740ECB-2316-3A9B-879C-ABBA1E8B0E9E} = {7A740ECB-2316-3A9B-879C-ABBA1E8B0E9E}
		{4228CF76-4EFE-3B54-953F-A9F91B4F9FD6} = {4228CF76-4EFE-3B54-953F-A9F91B4F9FD6}
	EndProjectSection
EndProject
Project("{8BC9CEB8-8B4A-11D0-8D11-00A0C91BC942}") = "RUN_TESTS", "RUN_TESTS.vcxproj", "{C3E83913-C909-3480-BF0D-658099B263A8}"
	ProjectSection(ProjectDependencies) = postProject
		{3F5F4D7B-5B2C-3595-B99C-DD8AF3EBB1C9} = {3F5F4D7B-5B2C-3595-B99C-DD8AF3EBB1C9}
	EndProjectSection
EndProject
Project("{8BC9CEB8-8B4A-11D0-8D11-00A0C91BC942}") = "ZERO_CHECK", "ZERO_CHECK.vcxproj", "{3F5F4D7B-5B2C-3595-B99C-DD8AF3EBB1C9}"
	ProjectSection(ProjectDependencies) = postProject
	EndProjectSection
EndProject
Project("{8BC9CEB8-8B4A-11D0-8D11-00A0C91BC942}") = "url_parser", "url_parser.vcxproj", "{7A740ECB-2316-3A9B-879C-ABBA1E8B0E9E}"
	ProjectSection(ProjectDependencies) = postProject
		{3F5F4D7B-5B2C-3595-B99C-DD8AF3EBB1C9} = {3F5F4D7B-5B2C-3595-B99C-DD8AF3EBB1C9}
	EndProjectSection
EndProject
Project("{8BC9CEB8-8B4A-11D0-8D11-00A0C91BC942}") = "url_parser_test", "url_parser_test.vcxproj", "{4228CF76-4EFE-3B54-953F-A9F91B4F9FD6}"
	ProjectSection(ProjectDependencies) = postProject
		{3F5F4D7B-5B2C-3595-B99C-DD8AF3EBB1C9} = {3F5F4D7B-5B2C-3595-B99C-DD8AF3EBB1C9}
	EndProjectSection
EndProject
Global
	GlobalSection(SolutionConfigurationPlatforms) = preSolution
		Debug|x64 = Debug|x64
		Release|x64 = Release|x64
		MinSizeRel|x64 = MinSizeRel|x64
		RelWithDebInfo|x64 = RelWithDebInfo|x64
	EndGlobalSection
	GlobalSection(ProjectConfigurationPlatforms) = postSolution
		{F5937800-D6CD-3B1A-900F-83D88D3A24EF}.Debug|x64.ActiveCfg = Debug|x64
		{F5937800-D6CD-3B1A-900F-83D88D3A24EF}.Release|x64.ActiveCfg = Release|x64
		{F5937800-D6CD-3B1A-900F-83D88D3A24EF}.MinSizeRel|x64.ActiveCfg = MinSizeRel|x64
		{F5937800-D6CD-3B1A-900F-83D88D3A24EF}.RelWithDebInfo|x64.ActiveCfg = RelWithDebInfo|x64
		{C3E83913-C909-3480-BF0D-658099B263A8}.Debug|x64.ActiveCfg = Debug|x64
		{C3E83913-C909-3480-BF0D-658099B263A8}.Release|x64.ActiveCfg = Release|x64
		{C3E83913-C909-3480-BF0D-658099B263A8}.MinSizeRel|x64.ActiveCfg = MinSizeRel|x64
		{C3E83913-C909-3480-BF0D-658099B263A8}.RelWithDebInfo|x64.ActiveCfg = RelWithDebInfo|x64
		{3F5F4D7B-5B2C-3595-B99C-DD8AF3EBB1C9}.Debug|x64.ActiveCfg = Debug|x64
		{3F5F4D7B-5B2C-3595-B99C-DD8AF3EBB1C9}.Debug|x64.Build.0 = Debug|x64
		{3F5F4D7B-5B2C-3595-B99C-DD8AF3EBB1C9}.Release|x64.ActiveCfg = Release|x64
		{3F5F4D7B-5B2C-3595-B99C-DD8AF3EBB1C9}.Release|x64.Build.0 = Release|x64
		{3F5F4D7B-5B2C-3595-B99C-DD8AF3EBB1C9}.MinSizeRel|x64.ActiveCfg = MinSizeRel|x64
		{3F5F4D7B-5B2C-3595-B99C-DD8AF3EBB1C9}.MinSizeRel|x64.Build.0 = MinSizeRel|x64
		{3F5F4D7B-5B2C-3595-B99C-DD8AF3EBB1C9}.RelWithDebInfo|x64.ActiveCfg = RelWithDebInfo|x64
		{3F5F4D7B-5B2C-3595-B99C-DD8AF3EBB1C9}.RelWithDebInfo|x64.Build.0 = RelWithDebInfo|x64
		{7A740ECB-2316-3A9B-879C-ABBA1E8B0E9E}.Debug|x64.ActiveCfg = Debug|x64
		{7A740ECB-2316-3A9B-879C-ABBA1E8B0E9E}.Debug|x64.Build.0 = Debug|x64
		{7A740ECB-2316-3A9B-879C-ABBA1E8B0E9E}.Release|x64.ActiveCfg = Release|x64
		{7A740ECB-2316-3A9B-879C-ABBA1E8B0E9E}.Release|x64.Build.0 = Release|x64
		{7A740ECB-2316-3A9B-879C-ABBA1E8B0E9E}.MinSizeRel|x64.ActiveCfg = MinSizeRel|x64
		{7A740ECB-2316-3A9B-879C-ABBA1E8B0E9E}.MinSizeRel|x64.Build.0 = MinSizeRel|x64
		{7A740ECB-2316-3A9B-879C-ABBA1E8B0E9E}.RelWithDebInfo|x64.ActiveCfg = RelWithDebInfo|x64
		{7A740ECB-2316-3A9B-879C-ABBA1E8B0E9E}.RelWithDebInfo|x64.Build.0 = RelWithDebInfo|x64
		{4228CF76-4EFE-3B54-953F-A9F91B4F9FD6}.Debug|x64.ActiveCfg = Debug|x64
		{4228CF76-4EFE-3B54-953F-A9F91B4F9FD6}.Debug|x64.Build.0 = Debug|x64
		{4228CF76-4EFE-3B54-953F-A9F91B4F9FD6}.Release|x64.ActiveCfg = Release|x64
		{4228CF76-4EFE-3B54-953F-A9F91B4F9FD6}.Release|x64.Build.0 = Release|x64
		{4228CF76-4EFE-3B54-953F-A9F91B4F9FD6}.MinSizeRel|x64.ActiveCfg = MinSizeRel|x64
		{4228CF76-4EFE-3B54-953F-A9F91B4F9FD6}.MinSizeRel|x64.Build.0 = MinSizeRel|x64
		{4228CF76-4EFE-3B54-953F-A9F91B4F9FD6}.RelWithDebInfo|x64.ActiveCfg = RelWithDebInfo|x64
		{4228CF76-4EFE-3B54-953F-A9F91B4F9FD6}.RelWithDebInfo|x64.Build.0 = RelWithDebInfo|x64
	EndGlobalSection
	GlobalSection(ExtensibilityGlobals) = postSolution
		SolutionGuid = {3EAF0C58-917A-34CE-89BF-1C20833C74DD}
	EndGlobalSection
	GlobalSection(ExtensibilityAddIns) = postSolution
	EndGlobalSection
EndGlobal
